// !$*UTF8*$!
{
	archiveVersion = 1;
	classes = {
	};
	objectVersion = 77;
	objects = {

/* Begin PBXBuildFile section */
		391360AAAEF3ECFA5473B3ED /* ReferenceSceneView.swift in Sources */ = {isa = PBXBuildFile; fileRef = 85C7FF1A543C39B589B4D354 /* ReferenceSceneView.swift */; };
		452CDAD5744CE38B194FFC9E /* CaptureSceneTests.swift in Sources */ = {isa = PBXBuildFile; fileRef = F6C09E75F37CCC67BA65767B /* CaptureSceneTests.swift */; };
		56C8A0EB0FCB6A2D2ABA5C54 /* CaptureApp.swift in Sources */ = {isa = PBXBuildFile; fileRef = 1EFCC1B022CED7F8FADC6519 /* CaptureApp.swift */; };
		79A5DA1D83600605BFC52C8D /* CaptureMetadataTests.swift in Sources */ = {isa = PBXBuildFile; fileRef = 637626C53FC563F0E37BB06E /* CaptureMetadataTests.swift */; };
		B8820FCCCCF59FC050F8FE3A /* CaptureMetadata.swift in Sources */ = {isa = PBXBuildFile; fileRef = 4089B77B60F667DC9CB93E21 /* CaptureMetadata.swift */; };
		BBC5F27F475FD22E0B1BC5E6 /* CaptureScene.swift in Sources */ = {isa = PBXBuildFile; fileRef = 0E17387946BF9836CFB23F47 /* CaptureScene.swift */; };
/* End PBXBuildFile section */

/* Begin PBXContainerItemProxy section */
		883E7925E382DC83E1CF959C /* PBXContainerItemProxy */ = {
			isa = PBXContainerItemProxy;
			containerPortal = E8CF012F182B211C778B5689 /* Project object */;
			proxyType = 1;
			remoteGlobalIDString = E1FA8701AA44A9F6E2AF6016;
			remoteInfo = CaptureApp;
		};
/* End PBXContainerItemProxy section */

/* Begin PBXFileReference section */
		0E17387946BF9836CFB23F47 /* CaptureScene.swift */ = {isa = PBXFileReference; lastKnownFileType = sourcecode.swift; path = CaptureScene.swift; sourceTree = "<group>"; };
		1EFCC1B022CED7F8FADC6519 /* CaptureApp.swift */ = {isa = PBXFileReference; lastKnownFileType = sourcecode.swift; path = CaptureApp.swift; sourceTree = "<group>"; };
		3286741E6A1C7BA12390643E /* CaptureAppTests.xctest */ = {isa = PBXFileReference; includeInIndex = 0; lastKnownFileType = wrapper.cfbundle; path = CaptureAppTests.xctest; sourceTree = BUILT_PRODUCTS_DIR; };
		4089B77B60F667DC9CB93E21 /* CaptureMetadata.swift */ = {isa = PBXFileReference; lastKnownFileType = sourcecode.swift; path = CaptureMetadata.swift; sourceTree = "<group>"; };
		607906B306B80B4BD9F6741D /* Info.plist */ = {isa = PBXFileReference; lastKnownFileType = text.plist; path = Info.plist; sourceTree = "<group>"; };
		637626C53FC563F0E37BB06E /* CaptureMetadataTests.swift */ = {isa = PBXFileReference; lastKnownFileType = sourcecode.swift; path = CaptureMetadataTests.swift; sourceTree = "<group>"; };
		85C7FF1A543C39B589B4D354 /* ReferenceSceneView.swift */ = {isa = PBXFileReference; lastKnownFileType = sourcecode.swift; path = ReferenceSceneView.swift; sourceTree = "<group>"; };
		936A99A1E960B3B841030CA9 /* Config.xcconfig */ = {isa = PBXFileReference; lastKnownFileType = text.xcconfig; path = Config.xcconfig; sourceTree = "<group>"; };
		C47C14F5BA30D653CF59B9A6 /* CaptureApp.app */ = {isa = PBXFileReference; includeInIndex = 0; lastKnownFileType = wrapper.application; path = CaptureApp.app; sourceTree = BUILT_PRODUCTS_DIR; };
		F6C09E75F37CCC67BA65767B /* CaptureSceneTests.swift */ = {isa = PBXFileReference; lastKnownFileType = sourcecode.swift; path = CaptureSceneTests.swift; sourceTree = "<group>"; };
/* End PBXFileReference section */

/* Begin PBXGroup section */
		406CF5516495A00AF0411A98 /* AppTests */ = {
			isa = PBXGroup;
			children = (
				637626C53FC563F0E37BB06E /* CaptureMetadataTests.swift */,
				F6C09E75F37CCC67BA65767B /* CaptureSceneTests.swift */,
			);
			path = AppTests;
			sourceTree = "<group>";
		};
		4659322AD5ED5B2E64C006F2 = {
			isa = PBXGroup;
			children = (
				C45C648E9A80057C20D5BA8B /* App */,
				406CF5516495A00AF0411A98 /* AppTests */,
				F001CEA39AF85678C28A8C36 /* Configuration */,
				A71894B0964150305A10BE21 /* Products */,
			);
			sourceTree = "<group>";
		};
		A71894B0964150305A10BE21 /* Products */ = {
			isa = PBXGroup;
			children = (
				C47C14F5BA30D653CF59B9A6 /* CaptureApp.app */,
				3286741E6A1C7BA12390643E /* CaptureAppTests.xctest */,
			);
			name = Products;
			sourceTree = "<group>";
		};
		C45C648E9A80057C20D5BA8B /* App */ = {
			isa = PBXGroup;
			children = (
				1EFCC1B022CED7F8FADC6519 /* CaptureApp.swift */,
				4089B77B60F667DC9CB93E21 /* CaptureMetadata.swift */,
				0E17387946BF9836CFB23F47 /* CaptureScene.swift */,
				607906B306B80B4BD9F6741D /* Info.plist */,
				85C7FF1A543C39B589B4D354 /* ReferenceSceneView.swift */,
			);
			path = App;
			sourceTree = "<group>";
		};
		F001CEA39AF85678C28A8C36 /* Configuration */ = {
			isa = PBXGroup;
			children = (
				936A99A1E960B3B841030CA9 /* Config.xcconfig */,
			);
			path = Configuration;
			sourceTree = "<group>";
		};
/* End PBXGroup section */

/* Begin PBXNativeTarget section */
		8BDD7911C1CD71EEA37F8E6E /* CaptureAppTests */ = {
			isa = PBXNativeTarget;
			buildConfigurationList = 2E46DADDC4EC538C5E7204F9 /* Build configuration list for PBXNativeTarget "CaptureAppTests" */;
			buildPhases = (
				95E52479A3DC499EC682FC22 /* Sources */,
			);
			buildRules = (
			);
			dependencies = (
				717E8D65F707F852AFB1B00A /* PBXTargetDependency */,
			);
			name = CaptureAppTests;
			packageProductDependencies = (
			);
			productName = CaptureAppTests;
			productReference = 3286741E6A1C7BA12390643E /* CaptureAppTests.xctest */;
			productType = "com.apple.product-type.bundle.unit-test";
		};
		E1FA8701AA44A9F6E2AF6016 /* CaptureApp */ = {
			isa = PBXNativeTarget;
			buildConfigurationList = 7F84CEB8DBFF9BEB54B6F3DA /* Build configuration list for PBXNativeTarget "CaptureApp" */;
			buildPhases = (
				F86EBFF420696E0B29FA2DFF /* Sources */,
			);
			buildRules = (
			);
			dependencies = (
			);
			name = CaptureApp;
			packageProductDependencies = (
			);
			productName = CaptureApp;
			productReference = C47C14F5BA30D653CF59B9A6 /* CaptureApp.app */;
			productType = "com.apple.product-type.application";
		};
/* End PBXNativeTarget section */

/* Begin PBXProject section */
		E8CF012F182B211C778B5689 /* Project object */ = {
			isa = PBXProject;
			attributes = {
				BuildIndependentTargetsInParallel = YES;
				LastUpgradeCheck = 1430;
				TargetAttributes = {
				};
			};
			buildConfigurationList = 5CBA107DA3B1965BE654EC51 /* Build configuration list for PBXProject "GlassReferenceCapture" */;
			developmentRegion = en;
			hasScannedForEncodings = 0;
			knownRegions = (
				Base,
				en,
			);
			mainGroup = 4659322AD5ED5B2E64C006F2;
			minimizedProjectReferenceProxies = 1;
			preferredProjectObjectVersion = 77;
			productRefGroup = A71894B0964150305A10BE21 /* Products */;
			projectDirPath = "";
			projectRoot = "";
			targets = (
				E1FA8701AA44A9F6E2AF6016 /* CaptureApp */,
				8BDD7911C1CD71EEA37F8E6E /* CaptureAppTests */,
			);
		};
/* End PBXProject section */

/* Begin PBXSourcesBuildPhase section */
		95E52479A3DC499EC682FC22 /* Sources */ = {
			isa = PBXSourcesBuildPhase;
			buildActionMask = 2147483647;
			files = (
				79A5DA1D83600605BFC52C8D /* CaptureMetadataTests.swift in Sources */,
				452CDAD5744CE38B194FFC9E /* CaptureSceneTests.swift in Sources */,
			);
			runOnlyForDeploymentPostprocessing = 0;
		};
		F86EBFF420696E0B29FA2DFF /* Sources */ = {
			isa = PBXSourcesBuildPhase;
			buildActionMask = 2147483647;
			files = (
				56C8A0EB0FCB6A2D2ABA5C54 /* CaptureApp.swift in Sources */,
				B8820FCCCCF59FC050F8FE3A /* CaptureMetadata.swift in Sources */,
				BBC5F27F475FD22E0B1BC5E6 /* CaptureScene.swift in Sources */,
				391360AAAEF3ECFA5473B3ED /* ReferenceSceneView.swift in Sources */,
			);
			runOnlyForDeploymentPostprocessing = 0;
		};
/* End PBXSourcesBuildPhase section */

/* Begin PBXTargetDependency section */
		717E8D65F707F852AFB1B00A /* PBXTargetDependency */ = {
			isa = PBXTargetDependency;
			target = E1FA8701AA44A9F6E2AF6016 /* CaptureApp */;
			targetProxy = 883E7925E382DC83E1CF959C /* PBXContainerItemProxy */;
		};
/* End PBXTargetDependency section */

/* Begin XCBuildConfiguration section */
		1F3E49D0641F80D11F7FE69F /* Debug */ = {
			isa = XCBuildConfiguration;
			baseConfigurationReference = 936A99A1E960B3B841030CA9 /* Config.xcconfig */;
			buildSettings = {
				ASSETCATALOG_COMPILER_APPICON_NAME = AppIcon;
				CODE_SIGN_IDENTITY = "iPhone Developer";
				INFOPLIST_FILE = App/Info.plist;
				LD_RUNPATH_SEARCH_PATHS = (
					"$(inherited)",
					"@executable_path/Frameworks",
				);
				PRODUCT_BUNDLE_IDENTIFIER = dev.chrisbanes.haze.glassreferencecapture;
				PRODUCT_MODULE_NAME = CaptureApp;
				SDKROOT = iphoneos;
				TARGETED_DEVICE_FAMILY = 1;
			};
			name = Debug;
		};
		8AFB6F9AAD865D30ABF9E9B5 /* Release */ = {
			isa = XCBuildConfiguration;
			buildSettings = {
				ALWAYS_SEARCH_USER_PATHS = NO;
				CLANG_ANALYZER_NONNULL = YES;
				CLANG_ANALYZER_NUMBER_OBJECT_CONVERSION = YES_AGGRESSIVE;
				CLANG_CXX_LANGUAGE_STANDARD = "gnu++14";
				CLANG_CXX_LIBRARY = "libc++";
				CLANG_ENABLE_MODULES = YES;
				CLANG_ENABLE_OBJC_ARC = YES;
				CLANG_ENABLE_OBJC_WEAK = YES;
				CLANG_WARN_BLOCK_CAPTURE_AUTORELEASING = YES;
				CLANG_WARN_BOOL_CONVERSION = YES;
				CLANG_WARN_COMMA = YES;
				CLANG_WARN_CONSTANT_CONVERSION = YES;
				CLANG_WARN_DEPRECATED_OBJC_IMPLEMENTATIONS = YES;
				CLANG_WARN_DIRECT_OBJC_ISA_USAGE = YES_ERROR;
				CLANG_WARN_DOCUMENTATION_COMMENTS = YES;
				CLANG_WARN_EMPTY_BODY = YES;
				CLANG_WARN_ENUM_CONVERSION = YES;
				CLANG_WARN_INFINITE_RECURSION = YES;
				CLANG_WARN_INT_CONVERSION = YES;
				CLANG_WARN_NON_LITERAL_NULL_CONVERSION = YES;
				CLANG_WARN_OBJC_IMPLICIT_RETAIN_SELF = YES;
				CLANG_WARN_OBJC_LITERAL_CONVERSION = YES;
				CLANG_WARN_OBJC_ROOT_CLASS = YES_ERROR;
				CLANG_WARN_QUOTED_INCLUDE_IN_FRAMEWORK_HEADER = YES;
				CLANG_WARN_RANGE_LOOP_ANALYSIS = YES;
				CLANG_WARN_STRICT_PROTOTYPES = YES;
				CLANG_WARN_SUSPICIOUS_MOVE = YES;
				CLANG_WARN_UNGUARDED_AVAILABILITY = YES_AGGRESSIVE;
				CLANG_WARN_UNREACHABLE_CODE = YES;
				CLANG_WARN__DUPLICATE_METHOD_MATCH = YES;
				CODE_SIGNING_ALLOWED = NO;
				COPY_PHASE_STRIP = NO;
				DEBUG_INFORMATION_FORMAT = "dwarf-with-dsym";
				ENABLE_NS_ASSERTIONS = NO;
				ENABLE_STRICT_OBJC_MSGSEND = YES;
				GCC_C_LANGUAGE_STANDARD = gnu11;
				GCC_NO_COMMON_BLOCKS = YES;
				GCC_WARN_64_TO_32_BIT_CONVERSION = YES;
				GCC_WARN_ABOUT_RETURN_TYPE = YES_ERROR;
				GCC_WARN_UNDECLARED_SELECTOR = YES;
				GCC_WARN_UNINITIALIZED_AUTOS = YES_AGGRESSIVE;
				GCC_WARN_UNUSED_FUNCTION = YES;
				GCC_WARN_UNUSED_VARIABLE = YES;
				IPHONEOS_DEPLOYMENT_TARGET = 26.0;
				MTL_ENABLE_DEBUG_INFO = NO;
				MTL_FAST_MATH = YES;
				PRODUCT_NAME = "$(TARGET_NAME)";
				SDKROOT = iphoneos;
				SUPPORTED_PLATFORMS = iphonesimulator;
				SWIFT_COMPILATION_MODE = wholemodule;
				SWIFT_OPTIMIZATION_LEVEL = "-O";
				SWIFT_VERSION = 6.0;
				TARGETED_DEVICE_FAMILY = 1;
			};
			name = Release;
		};
		981E96EB3C50137B77271928 /* Release */ = {
			isa = XCBuildConfiguration;
			baseConfigurationReference = 936A99A1E960B3B841030CA9 /* Config.xcconfig */;
			buildSettings = {
				ASSETCATALOG_COMPILER_APPICON_NAME = AppIcon;
				CODE_SIGN_IDENTITY = "iPhone Developer";
				INFOPLIST_FILE = App/Info.plist;
				LD_RUNPATH_SEARCH_PATHS = (
					"$(inherited)",
					"@executable_path/Frameworks",
				);
				PRODUCT_BUNDLE_IDENTIFIER = dev.chrisbanes.haze.glassreferencecapture;
				PRODUCT_MODULE_NAME = CaptureApp;
				SDKROOT = iphoneos;
				TARGETED_DEVICE_FAMILY = 1;
			};
			name = Release;
		};
		A030E312473610A8904C91EE /* Debug */ = {
			isa = XCBuildConfiguration;
			buildSettings = {
				BUNDLE_LOADER = "$(TEST_HOST)";
				LD_RUNPATH_SEARCH_PATHS = (
					"$(inherited)",
					"@executable_path/Frameworks",
					"@loader_path/Frameworks",
				);
				SDKROOT = iphoneos;
				TARGETED_DEVICE_FAMILY = 1;
				TEST_HOST = "$(BUILT_PRODUCTS_DIR)/Glass Reference Capture.app/Glass Reference Capture";
			};
			name = Debug;
		};
		AE23C1E7E3191D180E5CB822 /* Debug */ = {
			isa = XCBuildConfiguration;
			buildSettings = {
				ALWAYS_SEARCH_USER_PATHS = NO;
				CLANG_ANALYZER_NONNULL = YES;
				CLANG_ANALYZER_NUMBER_OBJECT_CONVERSION = YES_AGGRESSIVE;
				CLANG_CXX_LANGUAGE_STANDARD = "gnu++14";
				CLANG_CXX_LIBRARY = "libc++";
				CLANG_ENABLE_MODULES = YES;
				CLANG_ENABLE_OBJC_ARC = YES;
				CLANG_ENABLE_OBJC_WEAK = YES;
				CLANG_WARN_BLOCK_CAPTURE_AUTORELEASING = YES;
				CLANG_WARN_BOOL_CONVERSION = YES;
				CLANG_WARN_COMMA = YES;
				CLANG_WARN_CONSTANT_CONVERSION = YES;
				CLANG_WARN_DEPRECATED_OBJC_IMPLEMENTATIONS = YES;
				CLANG_WARN_DIRECT_OBJC_ISA_USAGE = YES_ERROR;
				CLANG_WARN_DOCUMENTATION_COMMENTS = YES;
				CLANG_WARN_EMPTY_BODY = YES;
				CLANG_WARN_ENUM_CONVERSION = YES;
				CLANG_WARN_INFINITE_RECURSION = YES;
				CLANG_WARN_INT_CONVERSION = YES;
				CLANG_WARN_NON_LITERAL_NULL_CONVERSION = YES;
				CLANG_WARN_OBJC_IMPLICIT_RETAIN_SELF = YES;
				CLANG_WARN_OBJC_LITERAL_CONVERSION = YES;
				CLANG_WARN_OBJC_ROOT_CLASS = YES_ERROR;
				CLANG_WARN_QUOTED_INCLUDE_IN_FRAMEWORK_HEADER = YES;
				CLANG_WARN_RANGE_LOOP_ANALYSIS = YES;
				CLANG_WARN_STRICT_PROTOTYPES = YES;
				CLANG_WARN_SUSPICIOUS_MOVE = YES;
				CLANG_WARN_UNGUARDED_AVAILABILITY = YES_AGGRESSIVE;
				CLANG_WARN_UNREACHABLE_CODE = YES;
				CLANG_WARN__DUPLICATE_METHOD_MATCH = YES;
				CODE_SIGNING_ALLOWED = NO;
				COPY_PHASE_STRIP = NO;
				DEBUG_INFORMATION_FORMAT = dwarf;
				ENABLE_STRICT_OBJC_MSGSEND = YES;
				ENABLE_TESTABILITY = YES;
				GCC_C_LANGUAGE_STANDARD = gnu11;
				GCC_DYNAMIC_NO_PIC = NO;
				GCC_NO_COMMON_BLOCKS = YES;
				GCC_OPTIMIZATION_LEVEL = 0;
				GCC_PREPROCESSOR_DEFINITIONS = (
					"$(inherited)",
					"DEBUG=1",
				);
				GCC_WARN_64_TO_32_BIT_CONVERSION = YES;
				GCC_WARN_ABOUT_RETURN_TYPE = YES_ERROR;
				GCC_WARN_UNDECLARED_SELECTOR = YES;
				GCC_WARN_UNINITIALIZED_AUTOS = YES_AGGRESSIVE;
				GCC_WARN_UNUSED_FUNCTION = YES;
				GCC_WARN_UNUSED_VARIABLE = YES;
				IPHONEOS_DEPLOYMENT_TARGET = 26.0;
				MTL_ENABLE_DEBUG_INFO = INCLUDE_SOURCE;
				MTL_FAST_MATH = YES;
				ONLY_ACTIVE_ARCH = YES;
				PRODUCT_NAME = "$(TARGET_NAME)";
				SDKROOT = iphoneos;
				SUPPORTED_PLATFORMS = iphonesimulator;
				SWIFT_ACTIVE_COMPILATION_CONDITIONS = DEBUG;
				SWIFT_OPTIMIZATION_LEVEL = "-Onone";
				SWIFT_VERSION = 6.0;
				TARGETED_DEVICE_FAMILY = 1;
			};
			name = Debug;
		};
		CDB6753718645A09AF177B81 /* Release */ = {
			isa = XCBuildConfiguration;
			buildSettings = {
				BUNDLE_LOADER = "$(TEST_HOST)";
				LD_RUNPATH_SEARCH_PATHS = (
					"$(inherited)",
					"@executable_path/Frameworks",
					"@loader_path/Frameworks",
				);
				SDKROOT = iphoneos;
				TARGETED_DEVICE_FAMILY = 1;
				TEST_HOST = "$(BUILT_PRODUCTS_DIR)/Glass Reference Capture.app/Glass Reference Capture";
			};
			name = Release;
		};
/* End XCBuildConfiguration section */

/* Begin XCConfigurationList section */
		2E46DADDC4EC538C5E7204F9 /* Build configuration list for PBXNativeTarget "CaptureAppTests" */ = {
			isa = XCConfigurationList;
			buildConfigurations = (
				A030E312473610A8904C91EE /* Debug */,
				CDB6753718645A09AF177B81 /* Release */,
			);
			defaultConfigurationIsVisible = 0;
			defaultConfigurationName = Debug;
		};
		5CBA107DA3B1965BE654EC51 /* Build configuration list for PBXProject "GlassReferenceCapture" */ = {
			isa = XCConfigurationList;
			buildConfigurations = (
				AE23C1E7E3191D180E5CB822 /* Debug */,
				8AFB6F9AAD865D30ABF9E9B5 /* Release */,
			);
			defaultConfigurationIsVisible = 0;
			defaultConfigurationName = Debug;
		};
		7F84CEB8DBFF9BEB54B6F3DA /* Build configuration list for PBXNativeTarget "CaptureApp" */ = {
			isa = XCConfigurationList;
			buildConfigurations = (
				1F3E49D0641F80D11F7FE69F /* Debug */,
				981E96EB3C50137B77271928 /* Release */,
			);
			defaultConfigurationIsVisible = 0;
			defaultConfigurationName = Debug;
		};
/* End XCConfigurationList section */
	};
	rootObject = E8CF012F182B211C778B5689 /* Project object */;
}
