{
  "name": "haze-root",
  "version": "unspecified",
  "lockfileVersion": 3,
  "requires": true,
  "packages": {
    "": {
      "name": "haze-root",
      "version": "unspecified",
      "workspaces": [
        "packages/haze-root-haze",
        "packages/haze-root-haze-test",
        "packages/haze-root-haze-blur",
        "packages/haze-root-haze-blur-test",
        "packages/haze-root-haze-blur-material3",
        "packages/haze-root-haze-blur-material3-test",
        "packages/haze-root-haze-glass",
        "packages/haze-root-haze-glass-test",
        "packages/haze-root-haze-glass-material3",
        "packages/haze-root-haze-glass-material3-test",
        "packages/haze-root-haze-materials",
        "packages/haze-root-haze-materials-test",
        "packages/haze-root-haze-utils",
        "packages/haze-root-haze-utils-test",
        "packages/haze-root-internal-context-test",
        "packages/haze-root-internal-context-test-test",
        "packages/haze-root-internal-dokka",
        "packages/haze-root-internal-dokka-test",
        "packages/haze-root-sample-shared",
        "packages/haze-root-sample-shared-test",
        "packages_imported/skiko-js/0.144.6",
        "packages_imported/Kotlin-DateTime-library-kotlinx-datetime/0.7.1",
        "packages_imported/coil-root-coil-compose/3.5.0",
        "packages_imported/coil-root-coil/3.5.0",
        "packages_imported/coil-root-coil-core/3.5.0",
        "packages_imported/coil-root-coil-compose-core/3.5.0",
        "packages_imported/coil-root-coil-network-ktor3/3.5.0",
        "packages_imported/coil-root-coil-network-core/3.5.0",
        "packages_imported/ktor-ktor-client-ktor-client-core/3.1.0"
      ],
      "devDependencies": {}
    },
    "node_modules/@js-joda/core": {
      "version": "3.2.0",
      "resolved": "https://registry.npmjs.org/@js-joda/core/-/core-3.2.0.tgz",
      "integrity": "sha512-PMqgJ0sw5B7FKb2d5bWYIoxjri+QlW/Pys7+Rw82jSH0QN3rB05jZ/VrrsUdh1w4+i2kw9JOejXGq/KhDOX7Kg=="
    },
    "node_modules/coil-root-coil": {
      "resolved": "packages_imported/coil-root-coil/3.5.0",
      "link": true
    },
    "node_modules/coil-root-coil-compose": {
      "resolved": "packages_imported/coil-root-coil-compose/3.5.0",
      "link": true
    },
    "node_modules/coil-root-coil-compose-core": {
      "resolved": "packages_imported/coil-root-coil-compose-core/3.5.0",
      "link": true
    },
    "node_modules/coil-root-coil-core": {
      "resolved": "packages_imported/coil-root-coil-core/3.5.0",
      "link": true
    },
    "node_modules/coil-root-coil-network-core": {
      "resolved": "packages_imported/coil-root-coil-network-core/3.5.0",
      "link": true
    },
    "node_modules/coil-root-coil-network-ktor3": {
      "resolved": "packages_imported/coil-root-coil-network-ktor3/3.5.0",
      "link": true
    },
    "node_modules/haze-root-haze": {
      "resolved": "packages/haze-root-haze",
      "link": true
    },
    "node_modules/haze-root-haze-blur": {
      "resolved": "packages/haze-root-haze-blur",
      "link": true
    },
    "node_modules/haze-root-haze-blur-material3": {
      "resolved": "packages/haze-root-haze-blur-material3",
      "link": true
    },
    "node_modules/haze-root-haze-blur-material3-test": {
      "resolved": "packages/haze-root-haze-blur-material3-test",
      "link": true
    },
    "node_modules/haze-root-haze-blur-test": {
      "resolved": "packages/haze-root-haze-blur-test",
      "link": true
    },
    "node_modules/haze-root-haze-glass": {
      "resolved": "packages/haze-root-haze-glass",
      "link": true
    },
    "node_modules/haze-root-haze-glass-material3": {
      "resolved": "packages/haze-root-haze-glass-material3",
      "link": true
    },
    "node_modules/haze-root-haze-glass-material3-test": {
      "resolved": "packages/haze-root-haze-glass-material3-test",
      "link": true
    },
    "node_modules/haze-root-haze-glass-test": {
      "resolved": "packages/haze-root-haze-glass-test",
      "link": true
    },
    "node_modules/haze-root-haze-materials": {
      "resolved": "packages/haze-root-haze-materials",
      "link": true
    },
    "node_modules/haze-root-haze-materials-test": {
      "resolved": "packages/haze-root-haze-materials-test",
      "link": true
    },
    "node_modules/haze-root-haze-test": {
      "resolved": "packages/haze-root-haze-test",
      "link": true
    },
    "node_modules/haze-root-haze-utils": {
      "resolved": "packages/haze-root-haze-utils",
      "link": true
    },
    "node_modules/haze-root-haze-utils-test": {
      "resolved": "packages/haze-root-haze-utils-test",
      "link": true
    },
    "node_modules/haze-root-internal-context-test": {
      "resolved": "packages/haze-root-internal-context-test",
      "link": true
    },
    "node_modules/haze-root-internal-context-test-test": {
      "resolved": "packages/haze-root-internal-context-test-test",
      "link": true
    },
    "node_modules/haze-root-internal-dokka": {
      "resolved": "packages/haze-root-internal-dokka",
      "link": true
    },
    "node_modules/haze-root-internal-dokka-test": {
      "resolved": "packages/haze-root-internal-dokka-test",
      "link": true
    },
    "node_modules/haze-root-sample-shared": {
      "resolved": "packages/haze-root-sample-shared",
      "link": true
    },
    "node_modules/haze-root-sample-shared-test": {
      "resolved": "packages/haze-root-sample-shared-test",
      "link": true
    },
    "node_modules/Kotlin-DateTime-library-kotlinx-datetime": {
      "resolved": "packages_imported/Kotlin-DateTime-library-kotlinx-datetime/0.7.1",
      "link": true
    },
    "node_modules/ktor-ktor-client-ktor-client-core": {
      "resolved": "packages_imported/ktor-ktor-client-ktor-client-core/3.1.0",
      "link": true
    },
    "node_modules/skiko-js": {
      "resolved": "packages_imported/skiko-js/0.144.6",
      "link": true
    },
    "node_modules/ws": {
      "version": "8.18.3",
      "resolved": "https://registry.npmjs.org/ws/-/ws-8.18.3.tgz",
      "integrity": "sha512-PEIGCY5tSlUt50cqyMXfCzX+oOPqN0vuGqWzbcJ2xvnkzkq46oOpz7dQaTDBdfICb4N14+GARUDw2XV2N4tvzg==",
      "engines": {
        "node": ">=10.0.0"
      },
      "peerDependencies": {
        "bufferutil": "^4.0.1",
        "utf-8-validate": ">=5.0.2"
      },
      "peerDependenciesMeta": {
        "bufferutil": {
          "optional": true
        },
        "utf-8-validate": {
          "optional": true
        }
      }
    },
    "packages_imported/coil-compose-core-js/3.3.0": {
      "name": "coil-compose-core-js",
      "version": "3.3.0",
      "extraneous": true,
      "devDependencies": {}
    },
    "packages_imported/coil-compose-js/3.3.0": {
      "name": "coil-compose-js",
      "version": "3.3.0",
      "extraneous": true,
      "devDependencies": {}
    },
    "packages_imported/coil-core-js/3.3.0": {
      "name": "coil-core-js",
      "version": "3.3.0",
      "extraneous": true,
      "devDependencies": {}
    },
    "packages_imported/coil-js/3.3.0": {
      "name": "coil-js",
      "version": "3.3.0",
      "extraneous": true,
      "devDependencies": {}
    },
    "packages_imported/coil-network-core-js/3.3.0": {
      "name": "coil-network-core-js",
      "version": "3.3.0",
      "extraneous": true,
      "devDependencies": {}
    },
    "packages_imported/coil-network-ktor3-js/3.3.0": {
      "name": "coil-network-ktor3-js",
      "version": "3.3.0",
      "extraneous": true,
      "devDependencies": {}
    },
    "packages_imported/coil-root-coil-compose-core/3.4.0": {
      "name": "coil-root-coil-compose-core",
      "version": "3.4.0",
      "extraneous": true,
      "devDependencies": {}
    },
    "packages_imported/coil-root-coil-compose-core/3.5.0": {
      "name": "coil-root-coil-compose-core",
      "version": "3.5.0",
      "devDependencies": {}
    },
    "packages_imported/coil-root-coil-compose/3.4.0": {
      "name": "coil-root-coil-compose",
      "version": "3.4.0",
      "extraneous": true,
      "devDependencies": {}
    },
    "packages_imported/coil-root-coil-compose/3.5.0": {
      "name": "coil-root-coil-compose",
      "version": "3.5.0",
      "devDependencies": {}
    },
    "packages_imported/coil-root-coil-core/3.4.0": {
      "name": "coil-root-coil-core",
      "version": "3.4.0",
      "extraneous": true,
      "devDependencies": {}
    },
    "packages_imported/coil-root-coil-core/3.5.0": {
      "name": "coil-root-coil-core",
      "version": "3.5.0",
      "devDependencies": {}
    },
    "packages_imported/coil-root-coil-network-core/3.4.0": {
      "name": "coil-root-coil-network-core",
      "version": "3.4.0",
      "extraneous": true,
      "devDependencies": {}
    },
    "packages_imported/coil-root-coil-network-core/3.5.0": {
      "name": "coil-root-coil-network-core",
      "version": "3.5.0",
      "devDependencies": {}
    },
    "packages_imported/coil-root-coil-network-ktor3/3.4.0": {
      "name": "coil-root-coil-network-ktor3",
      "version": "3.4.0",
      "extraneous": true,
      "dependencies": {
        "ws": "8.18.0"
      },
      "devDependencies": {}
    },
    "packages_imported/coil-root-coil-network-ktor3/3.5.0": {
      "name": "coil-root-coil-network-ktor3",
      "version": "3.5.0",
      "dependencies": {
        "ws": "8.18.0"
      },
      "devDependencies": {}
    },
    "packages_imported/coil-root-coil-network-ktor3/3.5.0/node_modules/ws": {
      "version": "8.18.0",
      "resolved": "https://registry.npmjs.org/ws/-/ws-8.18.0.tgz",
      "integrity": "sha512-8VbfWfHLbbwu3+N6OKsOMpBdT4kXPDDB9cJk2bJ6mh9ucxdlnNvH1e+roYkKmN9Nxw2yjz7VzeO9oOz2zJ04Pw==",
      "license": "MIT",
      "engines": {
        "node": ">=10.0.0"
      },
      "peerDependencies": {
        "bufferutil": "^4.0.1",
        "utf-8-validate": ">=5.0.2"
      },
      "peerDependenciesMeta": {
        "bufferutil": {
          "optional": true
        },
        "utf-8-validate": {
          "optional": true
        }
      }
    },
    "packages_imported/coil-root-coil/3.4.0": {
      "name": "coil-root-coil",
      "version": "3.4.0",
      "extraneous": true,
      "devDependencies": {}
    },
    "packages_imported/coil-root-coil/3.5.0": {
      "name": "coil-root-coil",
      "version": "3.5.0",
      "devDependencies": {}
    },
    "packages_imported/Kotlin-DateTime-library-kotlinx-datetime/0.7.1": {
      "name": "Kotlin-DateTime-library-kotlinx-datetime",
      "version": "0.7.1",
      "dependencies": {
        "@js-joda/core": "3.2.0"
      },
      "devDependencies": {}
    },
    "packages_imported/ktor-ktor-client-core/3.3.1": {
      "name": "ktor-ktor-client-core",
      "version": "3.3.1",
      "extraneous": true,
      "dependencies": {
        "ws": "8.18.3"
      },
      "devDependencies": {}
    },
    "packages_imported/ktor-ktor-client-core/3.4.3": {
      "name": "ktor-ktor-client-core",
      "version": "3.4.3",
      "extraneous": true,
      "dependencies": {
        "ws": "8.18.3"
      },
      "devDependencies": {}
    },
    "packages_imported/ktor-ktor-client-core/3.5.1": {
      "name": "ktor-ktor-client-core",
      "version": "3.5.1",
      "extraneous": true,
      "dependencies": {
        "ws": "8.20.1"
      },
      "devDependencies": {}
    },
    "packages_imported/ktor-ktor-client-ktor-client-core/3.1.0": {
      "name": "ktor-ktor-client-ktor-client-core",
      "version": "3.1.0",
      "dependencies": {
        "ws": "8.18.0"
      },
      "devDependencies": {}
    },
    "packages_imported/ktor-ktor-client-ktor-client-core/3.1.0/node_modules/ws": {
      "version": "8.18.0",
      "resolved": "https://registry.npmjs.org/ws/-/ws-8.18.0.tgz",
      "integrity": "sha512-8VbfWfHLbbwu3+N6OKsOMpBdT4kXPDDB9cJk2bJ6mh9ucxdlnNvH1e+roYkKmN9Nxw2yjz7VzeO9oOz2zJ04Pw==",
      "license": "MIT",
      "engines": {
        "node": ">=10.0.0"
      },
      "peerDependencies": {
        "bufferutil": "^4.0.1",
        "utf-8-validate": ">=5.0.2"
      },
      "peerDependenciesMeta": {
        "bufferutil": {
          "optional": true
        },
        "utf-8-validate": {
          "optional": true
        }
      }
    },
    "packages_imported/skiko-js/0.144.4": {
      "name": "skiko-js",
      "version": "0.144.4",
      "extraneous": true,
      "devDependencies": {}
    },
    "packages_imported/skiko-js/0.144.5": {
      "name": "skiko-js",
      "version": "0.144.5",
      "extraneous": true,
      "devDependencies": {}
    },
    "packages_imported/skiko-js/0.144.6": {
      "name": "skiko-js",
      "version": "0.144.6",
      "devDependencies": {}
    },
    "packages_imported/skiko-js/0.9.22-2": {
      "name": "skiko-js",
      "version": "0.9.22-2",
      "extraneous": true,
      "devDependencies": {}
    },
    "packages_imported/skiko-js/0.9.37-4": {
      "name": "skiko-js",
      "version": "0.9.37-4",
      "extraneous": true,
      "devDependencies": {}
    },
    "packages/haze-root-haze": {
      "version": "0.0.0-unspecified",
      "devDependencies": {}
    },
    "packages/haze-root-haze-blur": {
      "version": "0.0.0-unspecified",
      "devDependencies": {}
    },
    "packages/haze-root-haze-blur-material3": {
      "version": "0.0.0-unspecified",
      "dependencies": {
        "@js-joda/core": "3.2.0"
      },
      "devDependencies": {}
    },
    "packages/haze-root-haze-blur-material3-test": {
      "version": "0.0.0-unspecified",
      "dependencies": {
        "@js-joda/core": "3.2.0"
      },
      "devDependencies": {}
    },
    "packages/haze-root-haze-blur-test": {
      "version": "0.0.0-unspecified",
      "devDependencies": {}
    },
    "packages/haze-root-haze-glass": {
      "version": "0.0.0-unspecified",
      "devDependencies": {}
    },
    "packages/haze-root-haze-glass-material3": {
      "version": "0.0.0-unspecified",
      "dependencies": {
        "@js-joda/core": "3.2.0"
      },
      "devDependencies": {}
    },
    "packages/haze-root-haze-glass-material3-test": {
      "version": "0.0.0-unspecified",
      "dependencies": {
        "@js-joda/core": "3.2.0"
      },
      "devDependencies": {}
    },
    "packages/haze-root-haze-glass-test": {
      "version": "0.0.0-unspecified",
      "devDependencies": {}
    },
    "packages/haze-root-haze-materials": {
      "version": "0.0.0-unspecified",
      "dependencies": {
        "@js-joda/core": "3.2.0"
      },
      "devDependencies": {}
    },
    "packages/haze-root-haze-materials-test": {
      "version": "0.0.0-unspecified",
      "dependencies": {
        "@js-joda/core": "3.2.0"
      },
      "devDependencies": {}
    },
    "packages/haze-root-haze-test": {
      "version": "0.0.0-unspecified",
      "devDependencies": {}
    },
    "packages/haze-root-haze-utils": {
      "version": "0.0.0-unspecified",
      "devDependencies": {}
    },
    "packages/haze-root-haze-utils-test": {
      "version": "0.0.0-unspecified",
      "devDependencies": {}
    },
    "packages/haze-root-internal-context-test": {
      "version": "0.0.0-unspecified",
      "devDependencies": {}
    },
    "packages/haze-root-internal-context-test-test": {
      "version": "0.0.0-unspecified",
      "devDependencies": {}
    },
    "packages/haze-root-internal-dokka": {
      "version": "0.0.0-unspecified",
      "devDependencies": {}
    },
    "packages/haze-root-internal-dokka-test": {
      "version": "0.0.0-unspecified",
      "devDependencies": {}
    },
    "packages/haze-root-internal-test-utils": {
      "version": "0.0.0-unspecified",
      "extraneous": true,
      "devDependencies": {}
    },
    "packages/haze-root-internal-test-utils-test": {
      "version": "0.0.0-unspecified",
      "extraneous": true,
      "devDependencies": {}
    },
    "packages/haze-root-sample-shared": {
      "version": "0.0.0-unspecified",
      "dependencies": {
        "@js-joda/core": "3.2.0",
        "ws": "8.18.3"
      },
      "devDependencies": {}
    },
    "packages/haze-root-sample-shared-test": {
      "version": "0.0.0-unspecified",
      "dependencies": {
        "@js-joda/core": "3.2.0",
        "ws": "8.18.3"
      },
      "devDependencies": {}
    },
    "packages/haze-root-sample-web": {
      "version": "0.0.0-unspecified",
      "extraneous": true,
      "dependencies": {
        "@js-joda/core": "3.2.0",
        "node-polyfill-webpack-plugin": "^4.0.0",
        "os-browserify": "^0.3.0",
        "path-browserify": "^1.0.1",
        "ws": "8.18.3"
      },
      "devDependencies": {
        "kotlin-web-helpers": "3.0.0",
        "source-map-loader": "5.0.0",
        "webpack": "5.101.3",
        "webpack-cli": "6.0.1",
        "webpack-dev-server": "5.2.3"
      }
    },
    "packages/haze-root-sample-web-test": {
      "version": "0.0.0-unspecified",
      "extraneous": true,
      "dependencies": {
        "@js-joda/core": "3.2.0",
        "node-polyfill-webpack-plugin": "^4.0.0",
        "os-browserify": "^0.3.0",
        "path-browserify": "^1.0.1",
        "ws": "8.18.3"
      },
      "devDependencies": {}
    }
  }
}
