{
  "name": "haze-root",
  "version": "unspecified",
  "lockfileVersion": 3,
  "requires": true,
  "packages": {
    "": {
      "name": "haze-root",
      "version": "unspecified",
      "workspaces": [
        "packages/haze-root-haze",
        "packages/haze-root-haze-test",
        "packages/haze-root-haze-blur",
        "packages/haze-root-haze-blur-test",
        "packages/haze-root-haze-materials",
        "packages/haze-root-haze-materials-test",
        "packages/haze-root-haze-utils",
        "packages/haze-root-haze-utils-test",
        "packages/haze-root-internal-context-test",
        "packages/haze-root-internal-context-test-test",
        "packages/haze-root-internal-dokka",
        "packages/haze-root-internal-dokka-test",
        "packages/haze-root-sample-shared",
        "packages/haze-root-sample-shared-test",
        "packages/haze-root-sample-web",
        "packages/haze-root-sample-web-test",
        "packages_imported/skiko-wasm-js/0.9.22-2",
        "packages_imported/skiko-js-wasm-runtime/0.9.22-2",
        "packages_imported/Kotlin-DateTime-library-kotlinx-datetime-wasm-js/0.7.1",
        "packages_imported/coil-core-wasm-js/3.3.0",
        "packages_imported/coil-wasm-js/3.3.0",
        "packages_imported/coil-network-ktor3-wasm-js/3.3.0",
        "packages_imported/ktor-ktor-client-core/3.3.1",
        "packages_imported/coil-network-core-wasm-js/3.3.0"
      ],
      "devDependencies": {}
    },
    "node_modules/@js-joda/core": {
      "version": "3.2.0",
      "license": "BSD-3-Clause"
    },
    "node_modules/coil-core-wasm-js": {
      "resolved": "packages_imported/coil-core-wasm-js/3.3.0",
      "link": true
    },
    "node_modules/coil-network-core-wasm-js": {
      "resolved": "packages_imported/coil-network-core-wasm-js/3.3.0",
      "link": true
    },
    "node_modules/coil-network-ktor3-wasm-js": {
      "resolved": "packages_imported/coil-network-ktor3-wasm-js/3.3.0",
      "link": true
    },
    "node_modules/coil-wasm-js": {
      "resolved": "packages_imported/coil-wasm-js/3.3.0",
      "link": true
    },
    "node_modules/haze-root-haze": {
      "resolved": "packages/haze-root-haze",
      "link": true
    },
    "node_modules/haze-root-haze-blur": {
      "resolved": "packages/haze-root-haze-blur",
      "link": true
    },
    "node_modules/haze-root-haze-blur-test": {
      "resolved": "packages/haze-root-haze-blur-test",
      "link": true
    },
    "node_modules/haze-root-haze-materials": {
      "resolved": "packages/haze-root-haze-materials",
      "link": true
    },
    "node_modules/haze-root-haze-materials-test": {
      "resolved": "packages/haze-root-haze-materials-test",
      "link": true
    },
    "node_modules/haze-root-haze-test": {
      "resolved": "packages/haze-root-haze-test",
      "link": true
    },
    "node_modules/haze-root-haze-utils": {
      "resolved": "packages/haze-root-haze-utils",
      "link": true
    },
    "node_modules/haze-root-haze-utils-test": {
      "resolved": "packages/haze-root-haze-utils-test",
      "link": true
    },
    "node_modules/haze-root-internal-context-test": {
      "resolved": "packages/haze-root-internal-context-test",
      "link": true
    },
    "node_modules/haze-root-internal-context-test-test": {
      "resolved": "packages/haze-root-internal-context-test-test",
      "link": true
    },
    "node_modules/haze-root-internal-dokka": {
      "resolved": "packages/haze-root-internal-dokka",
      "link": true
    },
    "node_modules/haze-root-internal-dokka-test": {
      "resolved": "packages/haze-root-internal-dokka-test",
      "link": true
    },
    "node_modules/haze-root-sample-shared": {
      "resolved": "packages/haze-root-sample-shared",
      "link": true
    },
    "node_modules/haze-root-sample-shared-test": {
      "resolved": "packages/haze-root-sample-shared-test",
      "link": true
    },
    "node_modules/haze-root-sample-web": {
      "resolved": "packages/haze-root-sample-web",
      "link": true
    },
    "node_modules/haze-root-sample-web-test": {
      "resolved": "packages/haze-root-sample-web-test",
      "link": true
    },
    "node_modules/Kotlin-DateTime-library-kotlinx-datetime-wasm-js": {
      "resolved": "packages_imported/Kotlin-DateTime-library-kotlinx-datetime-wasm-js/0.7.1",
      "link": true
    },
    "node_modules/ktor-ktor-client-core": {
      "resolved": "packages_imported/ktor-ktor-client-core/3.3.1",
      "link": true
    },
    "node_modules/skiko-js-wasm-runtime": {
      "resolved": "packages_imported/skiko-js-wasm-runtime/0.9.22-2",
      "link": true
    },
    "node_modules/skiko-wasm-js": {
      "resolved": "packages_imported/skiko-wasm-js/0.9.22-2",
      "link": true
    },
    "node_modules/ws": {
      "version": "8.18.3",
      "license": "MIT",
      "engines": {
        "node": ">=10.0.0"
      },
      "peerDependencies": {
        "bufferutil": "^4.0.1",
        "utf-8-validate": ">=5.0.2"
      },
      "peerDependenciesMeta": {
        "bufferutil": {
          "optional": true
        },
        "utf-8-validate": {
          "optional": true
        }
      }
    },
    "packages_imported/coil-core-wasm-js/3.3.0": {
      "name": "coil-core-wasm-js",
      "version": "3.3.0",
      "devDependencies": {}
    },
    "packages_imported/coil-network-core-wasm-js/3.3.0": {
      "name": "coil-network-core-wasm-js",
      "version": "3.3.0",
      "devDependencies": {}
    },
    "packages_imported/coil-network-ktor3-wasm-js/3.3.0": {
      "name": "coil-network-ktor3-wasm-js",
      "version": "3.3.0",
      "devDependencies": {}
    },
    "packages_imported/coil-wasm-js/3.3.0": {
      "name": "coil-wasm-js",
      "version": "3.3.0",
      "devDependencies": {}
    },
    "packages_imported/Kotlin-DateTime-library-kotlinx-datetime-wasm-js/0.7.1": {
      "name": "Kotlin-DateTime-library-kotlinx-datetime-wasm-js",
      "version": "0.7.1",
      "dependencies": {
        "@js-joda/core": "3.2.0"
      },
      "devDependencies": {}
    },
    "packages_imported/ktor-ktor-client-core/3.3.1": {
      "name": "ktor-ktor-client-core",
      "version": "3.3.1",
      "dependencies": {
        "ws": "8.18.3"
      },
      "devDependencies": {}
    },
    "packages_imported/skiko-js-wasm-runtime/0.9.22-2": {
      "name": "skiko-js-wasm-runtime",
      "version": "0.9.22-2",
      "devDependencies": {}
    },
    "packages_imported/skiko-wasm-js/0.9.22-2": {
      "name": "skiko-wasm-js",
      "version": "0.9.22-2",
      "devDependencies": {}
    },
    "packages/haze-root-haze": {
      "version": "0.0.0-unspecified",
      "devDependencies": {}
    },
    "packages/haze-root-haze-blur": {
      "version": "0.0.0-unspecified",
      "devDependencies": {}
    },
    "packages/haze-root-haze-blur-test": {
      "version": "0.0.0-unspecified",
      "devDependencies": {}
    },
    "packages/haze-root-haze-materials": {
      "version": "0.0.0-unspecified",
      "dependencies": {
        "@js-joda/core": "3.2.0"
      },
      "devDependencies": {}
    },
    "packages/haze-root-haze-materials-test": {
      "version": "0.0.0-unspecified",
      "dependencies": {
        "@js-joda/core": "3.2.0"
      },
      "devDependencies": {}
    },
    "packages/haze-root-haze-test": {
      "version": "0.0.0-unspecified",
      "devDependencies": {}
    },
    "packages/haze-root-haze-utils": {
      "version": "0.0.0-unspecified",
      "devDependencies": {}
    },
    "packages/haze-root-haze-utils-test": {
      "version": "0.0.0-unspecified",
      "devDependencies": {}
    },
    "packages/haze-root-internal-context-test": {
      "version": "0.0.0-unspecified",
      "devDependencies": {}
    },
    "packages/haze-root-internal-context-test-test": {
      "version": "0.0.0-unspecified",
      "devDependencies": {}
    },
    "packages/haze-root-internal-dokka": {
      "version": "0.0.0-unspecified",
      "devDependencies": {}
    },
    "packages/haze-root-internal-dokka-test": {
      "version": "0.0.0-unspecified",
      "devDependencies": {}
    },
    "packages/haze-root-sample-shared": {
      "version": "0.0.0-unspecified",
      "dependencies": {
        "@js-joda/core": "3.2.0",
        "ws": "8.18.3"
      },
      "devDependencies": {}
    },
    "packages/haze-root-sample-shared-test": {
      "version": "0.0.0-unspecified",
      "dependencies": {
        "@js-joda/core": "3.2.0",
        "ws": "8.18.3"
      },
      "devDependencies": {}
    },
    "packages/haze-root-sample-web": {
      "version": "0.0.0-unspecified",
      "dependencies": {
        "@js-joda/core": "3.2.0",
        "ws": "8.18.3"
      },
      "devDependencies": {}
    },
    "packages/haze-root-sample-web-test": {
      "version": "0.0.0-unspecified",
      "dependencies": {
        "@js-joda/core": "3.2.0",
        "ws": "8.18.3"
      },
      "devDependencies": {}
    }
  }
}
